
Microsoft Visual Studio Solution File, Format Version 12.00
Project("{FAE04EC0-301F-11D3-BF4B-00C04F79EFBC}") = "Sales.ManagementSystem.API", "Sales.ManagementSystem.API\Sales.ManagementSystem.API.csproj", "{6AC3E16F-F076-4D6C-8FBD-2699713836E9}"
EndProject
Project("{FAE04EC0-301F-11D3-BF4B-00C04F79EFBC}") = "Sales.ManagementSystem.Core", "Sales.ManagementSystem.Core\Sales.ManagementSystem.Core.csproj", "{F5F368AD-8995-4606-8EDD-2C7297DACDE0}"
EndProject
Project("{FAE04EC0-301F-11D3-BF4B-00C04F79EFBC}") = "Sales.ManagementSystem.Data", "Sales.ManagementSystem.Data\Sales.ManagementSystem.Data.csproj", "{0677D381-FE56-47FC-B404-B1611BBE2588}"
EndProject
Project("{FAE04EC0-301F-11D3-BF4B-00C04F79EFBC}") = "Sales.ManagementSystem.Shared", "Sales.ManagementSystem.Shared\Sales.ManagementSystem.Shared.csproj", "{DCF807E3-04F7-4C21-88D3-16E70DD82E29}"
EndProject
Project("{2150E333-8FDC-42A3-9474-1A3956D46DE8}") = "test", "test", "{7118C0C7-9272-4D78-BD86-7120526D4743}"
EndProject
Project("{FAE04EC0-301F-11D3-BF4B-00C04F79EFBC}") = "Sales.ManagementSystem.API.UnitTest", "Sales.ManagementSystem.API.UnitTest\Sales.ManagementSystem.API.UnitTest.csproj", "{33C72BBA-7E94-490A-86AB-756359072515}"
EndProject
Global
	GlobalSection(SolutionConfigurationPlatforms) = preSolution
		Debug|Any CPU = Debug|Any CPU
		Release|Any CPU = Release|Any CPU
	EndGlobalSection
	GlobalSection(ProjectConfigurationPlatforms) = postSolution
		{6AC3E16F-F076-4D6C-8FBD-2699713836E9}.Debug|Any CPU.ActiveCfg = Debug|Any CPU
		{6AC3E16F-F076-4D6C-8FBD-2699713836E9}.Debug|Any CPU.Build.0 = Debug|Any CPU
		{6AC3E16F-F076-4D6C-8FBD-2699713836E9}.Release|Any CPU.ActiveCfg = Release|Any CPU
		{6AC3E16F-F076-4D6C-8FBD-2699713836E9}.Release|Any CPU.Build.0 = Release|Any CPU
		{F5F368AD-8995-4606-8EDD-2C7297DACDE0}.Debug|Any CPU.ActiveCfg = Debug|Any CPU
		{F5F368AD-8995-4606-8EDD-2C7297DACDE0}.Debug|Any CPU.Build.0 = Debug|Any CPU
		{F5F368AD-8995-4606-8EDD-2C7297DACDE0}.Release|Any CPU.ActiveCfg = Release|Any CPU
		{F5F368AD-8995-4606-8EDD-2C7297DACDE0}.Release|Any CPU.Build.0 = Release|Any CPU
		{0677D381-FE56-47FC-B404-B1611BBE2588}.Debug|Any CPU.ActiveCfg = Debug|Any CPU
		{0677D381-FE56-47FC-B404-B1611BBE2588}.Debug|Any CPU.Build.0 = Debug|Any CPU
		{0677D381-FE56-47FC-B404-B1611BBE2588}.Release|Any CPU.ActiveCfg = Release|Any CPU
		{0677D381-FE56-47FC-B404-B1611BBE2588}.Release|Any CPU.Build.0 = Release|Any CPU
		{DCF807E3-04F7-4C21-88D3-16E70DD82E29}.Debug|Any CPU.ActiveCfg = Debug|Any CPU
		{DCF807E3-04F7-4C21-88D3-16E70DD82E29}.Debug|Any CPU.Build.0 = Debug|Any CPU
		{DCF807E3-04F7-4C21-88D3-16E70DD82E29}.Release|Any CPU.ActiveCfg = Release|Any CPU
		{DCF807E3-04F7-4C21-88D3-16E70DD82E29}.Release|Any CPU.Build.0 = Release|Any CPU
		{33C72BBA-7E94-490A-86AB-756359072515}.Debug|Any CPU.ActiveCfg = Debug|Any CPU
		{33C72BBA-7E94-490A-86AB-756359072515}.Debug|Any CPU.Build.0 = Debug|Any CPU
		{33C72BBA-7E94-490A-86AB-756359072515}.Release|Any CPU.ActiveCfg = Release|Any CPU
		{33C72BBA-7E94-490A-86AB-756359072515}.Release|Any CPU.Build.0 = Release|Any CPU
	EndGlobalSection
	GlobalSection(NestedProjects) = preSolution
		{33C72BBA-7E94-490A-86AB-756359072515} = {7118C0C7-9272-4D78-BD86-7120526D4743}
	EndGlobalSection
EndGlobal
